// !$*UTF8*$!
{
	archiveVersion = 1;
	classes = {
	};
	objectVersion = 56;
	objects = {

/* Begin PBXBuildFile section */
		5953369E2B05018100BB11D7 /* Tab.swift in Sources */ = {isa = PBXBuildFile; fileRef = 5953369D2B05018100BB11D7 /* Tab.swift */; };
		595336A02B0503D800BB11D7 /* Home.swift in Sources */ = {isa = PBXBuildFile; fileRef = 5953369F2B0503D800BB11D7 /* Home.swift */; };
		598053882BA6DA8D008056F3 /* WidgetKit.framework in Frameworks */ = {isa = PBXBuildFile; fileRef = 598053872BA6DA8D008056F3 /* WidgetKit.framework */; };
		5980538A2BA6DA8D008056F3 /* SwiftUI.framework in Frameworks */ = {isa = PBXBuildFile; fileRef = 598053892BA6DA8D008056F3 /* SwiftUI.framework */; };
		5980538D2BA6DA8D008056F3 /* SendMissBundle.swift in Sources */ = {isa = PBXBuildFile; fileRef = 5980538C2BA6DA8D008056F3 /* SendMissBundle.swift */; };
		5980538F2BA6DA8D008056F3 /* SendMissLiveActivity.swift in Sources */ = {isa = PBXBuildFile; fileRef = 5980538E2BA6DA8D008056F3 /* SendMissLiveActivity.swift */; };
		598053912BA6DA8D008056F3 /* SendMiss.swift in Sources */ = {isa = PBXBuildFile; fileRef = 598053902BA6DA8D008056F3 /* SendMiss.swift */; };
		598053932BA6DA8D008056F3 /* AppIntent.swift in Sources */ = {isa = PBXBuildFile; fileRef = 598053922BA6DA8D008056F3 /* AppIntent.swift */; };
		598053952BA6DA8E008056F3 /* Assets.xcassets in Resources */ = {isa = PBXBuildFile; fileRef = 598053942BA6DA8E008056F3 /* Assets.xcassets */; };
		598053992BA6DA8E008056F3 /* SendMissExtension.appex in Embed Foundation Extensions */ = {isa = PBXBuildFile; fileRef = 598053852BA6DA8D008056F3 /* SendMissExtension.appex */; settings = {ATTRIBUTES = (RemoveHeadersOnCopy, ); }; };
		598053D12BA6DBE9008056F3 /* WidgetKit.framework in Frameworks */ = {isa = PBXBuildFile; fileRef = 598053872BA6DA8D008056F3 /* WidgetKit.framework */; };
		598053D22BA6DBE9008056F3 /* SwiftUI.framework in Frameworks */ = {isa = PBXBuildFile; fileRef = 598053892BA6DA8D008056F3 /* SwiftUI.framework */; };
		598053D52BA6DBE9008056F3 /* SImplySendMissBundle.swift in Sources */ = {isa = PBXBuildFile; fileRef = 598053D42BA6DBE9008056F3 /* SImplySendMissBundle.swift */; };
		598053D72BA6DBE9008056F3 /* SImplySendMiss.swift in Sources */ = {isa = PBXBuildFile; fileRef = 598053D62BA6DBE9008056F3 /* SImplySendMiss.swift */; };
		598053D92BA6DBEA008056F3 /* Assets.xcassets in Resources */ = {isa = PBXBuildFile; fileRef = 598053D82BA6DBEA008056F3 /* Assets.xcassets */; };
		598053DD2BA6DBEA008056F3 /* SImplySendMissExtension.appex in Embed Foundation Extensions */ = {isa = PBXBuildFile; fileRef = 598053D02BA6DBE9008056F3 /* SImplySendMissExtension.appex */; settings = {ATTRIBUTES = (RemoveHeadersOnCopy, ); }; };
		598F58092B13A5ED003B4FCB /* View+Extensions.swift in Sources */ = {isa = PBXBuildFile; fileRef = 598F58082B13A5ED003B4FCB /* View+Extensions.swift */; };
		59E06A1A2BA6C77E00FE18FD /* GoogleService-Info.plist in Resources */ = {isa = PBXBuildFile; fileRef = 59E06A192BA6C77E00FE18FD /* GoogleService-Info.plist */; };
		59E06A1D2BA6C87B00FE18FD /* FirebaseAnalytics in Frameworks */ = {isa = PBXBuildFile; productRef = 59E06A1C2BA6C87B00FE18FD /* FirebaseAnalytics */; };
		59E75E9A2ADF53AA007A549C /* OursReaderApp.swift in Sources */ = {isa = PBXBuildFile; fileRef = 59E75E992ADF53AA007A549C /* OursReaderApp.swift */; };
		59E75E9C2ADF53AA007A549C /* ContentView.swift in Sources */ = {isa = PBXBuildFile; fileRef = 59E75E9B2ADF53AA007A549C /* ContentView.swift */; };
		59E75E9E2ADF53AB007A549C /* Assets.xcassets in Resources */ = {isa = PBXBuildFile; fileRef = 59E75E9D2ADF53AB007A549C /* Assets.xcassets */; };
		59E75EA12ADF53AB007A549C /* Preview Assets.xcassets in Resources */ = {isa = PBXBuildFile; fileRef = 59E75EA02ADF53AB007A549C /* Preview Assets.xcassets */; };
		59E75EAB2ADF53AB007A549C /* OursReaderTests.swift in Sources */ = {isa = PBXBuildFile; fileRef = 59E75EAA2ADF53AB007A549C /* OursReaderTests.swift */; };
		59E75EB52ADF53AB007A549C /* OursReaderUITests.swift in Sources */ = {isa = PBXBuildFile; fileRef = 59E75EB42ADF53AB007A549C /* OursReaderUITests.swift */; };
		59E75EB72ADF53AB007A549C /* OursReaderUITestsLaunchTests.swift in Sources */ = {isa = PBXBuildFile; fileRef = 59E75EB62ADF53AB007A549C /* OursReaderUITestsLaunchTests.swift */; };
		59E75EC42ADF5749007A549C /* Model.swift in Sources */ = {isa = PBXBuildFile; fileRef = 59E75EC32ADF5749007A549C /* Model.swift */; };
/* End PBXBuildFile section */

/* Begin PBXContainerItemProxy section */
		598053972BA6DA8E008056F3 /* PBXContainerItemProxy */ = {
			isa = PBXContainerItemProxy;
			containerPortal = 59E75E8E2ADF53AA007A549C /* Project object */;
			proxyType = 1;
			remoteGlobalIDString = 598053842BA6DA8D008056F3;
			remoteInfo = SendMissExtension;
		};
		598053DB2BA6DBEA008056F3 /* PBXContainerItemProxy */ = {
			isa = PBXContainerItemProxy;
			containerPortal = 59E75E8E2ADF53AA007A549C /* Project object */;
			proxyType = 1;
			remoteGlobalIDString = 598053CF2BA6DBE9008056F3;
			remoteInfo = SImplySendMissExtension;
		};
		59E75EA72ADF53AB007A549C /* PBXContainerItemProxy */ = {
			isa = PBXContainerItemProxy;
			containerPortal = 59E75E8E2ADF53AA007A549C /* Project object */;
			proxyType = 1;
			remoteGlobalIDString = 59E75E952ADF53AA007A549C;
			remoteInfo = OursReader;
		};
		59E75EB12ADF53AB007A549C /* PBXContainerItemProxy */ = {
			isa = PBXContainerItemProxy;
			containerPortal = 59E75E8E2ADF53AA007A549C /* Project object */;
			proxyType = 1;
			remoteGlobalIDString = 59E75E952ADF53AA007A549C;
			remoteInfo = OursReader;
		};
/* End PBXContainerItemProxy section */

/* Begin PBXCopyFilesBuildPhase section */
		5980539D2BA6DA8E008056F3 /* Embed Foundation Extensions */ = {
			isa = PBXCopyFilesBuildPhase;
			buildActionMask = 2147483647;
			dstPath = "";
			dstSubfolderSpec = 13;
			files = (
				598053DD2BA6DBEA008056F3 /* SImplySendMissExtension.appex in Embed Foundation Extensions */,
				598053992BA6DA8E008056F3 /* SendMissExtension.appex in Embed Foundation Extensions */,
			);
			name = "Embed Foundation Extensions";
			runOnlyForDeploymentPostprocessing = 0;
		};
/* End PBXCopyFilesBuildPhase section */

/* Begin PBXFileReference section */
		5953369D2B05018100BB11D7 /* Tab.swift */ = {isa = PBXFileReference; lastKnownFileType = sourcecode.swift; path = Tab.swift; sourceTree = "<group>"; };
		5953369F2B0503D800BB11D7 /* Home.swift */ = {isa = PBXFileReference; lastKnownFileType = sourcecode.swift; path = Home.swift; sourceTree = "<group>"; };
		598053852BA6DA8D008056F3 /* SendMissExtension.appex */ = {isa = PBXFileReference; explicitFileType = "wrapper.app-extension"; includeInIndex = 0; path = SendMissExtension.appex; sourceTree = BUILT_PRODUCTS_DIR; };
		598053872BA6DA8D008056F3 /* WidgetKit.framework */ = {isa = PBXFileReference; lastKnownFileType = wrapper.framework; name = WidgetKit.framework; path = System/Library/Frameworks/WidgetKit.framework; sourceTree = SDKROOT; };
		598053892BA6DA8D008056F3 /* SwiftUI.framework */ = {isa = PBXFileReference; lastKnownFileType = wrapper.framework; name = SwiftUI.framework; path = System/Library/Frameworks/SwiftUI.framework; sourceTree = SDKROOT; };
		5980538C2BA6DA8D008056F3 /* SendMissBundle.swift */ = {isa = PBXFileReference; lastKnownFileType = sourcecode.swift; path = SendMissBundle.swift; sourceTree = "<group>"; };
		5980538E2BA6DA8D008056F3 /* SendMissLiveActivity.swift */ = {isa = PBXFileReference; lastKnownFileType = sourcecode.swift; path = SendMissLiveActivity.swift; sourceTree = "<group>"; };
		598053902BA6DA8D008056F3 /* SendMiss.swift */ = {isa = PBXFileReference; lastKnownFileType = sourcecode.swift; path = SendMiss.swift; sourceTree = "<group>"; };
		598053922BA6DA8D008056F3 /* AppIntent.swift */ = {isa = PBXFileReference; lastKnownFileType = sourcecode.swift; path = AppIntent.swift; sourceTree = "<group>"; };
		598053942BA6DA8E008056F3 /* Assets.xcassets */ = {isa = PBXFileReference; lastKnownFileType = folder.assetcatalog; path = Assets.xcassets; sourceTree = "<group>"; };
		598053962BA6DA8E008056F3 /* Info.plist */ = {isa = PBXFileReference; lastKnownFileType = text.plist.xml; path = Info.plist; sourceTree = "<group>"; };
		598053D02BA6DBE9008056F3 /* SImplySendMissExtension.appex */ = {isa = PBXFileReference; explicitFileType = "wrapper.app-extension"; includeInIndex = 0; path = SImplySendMissExtension.appex; sourceTree = BUILT_PRODUCTS_DIR; };
		598053D42BA6DBE9008056F3 /* SImplySendMissBundle.swift */ = {isa = PBXFileReference; lastKnownFileType = sourcecode.swift; path = SImplySendMissBundle.swift; sourceTree = "<group>"; };
		598053D62BA6DBE9008056F3 /* SImplySendMiss.swift */ = {isa = PBXFileReference; lastKnownFileType = sourcecode.swift; path = SImplySendMiss.swift; sourceTree = "<group>"; };
		598053D82BA6DBEA008056F3 /* Assets.xcassets */ = {isa = PBXFileReference; lastKnownFileType = folder.assetcatalog; path = Assets.xcassets; sourceTree = "<group>"; };
		598053DA2BA6DBEA008056F3 /* Info.plist */ = {isa = PBXFileReference; lastKnownFileType = text.plist.xml; path = Info.plist; sourceTree = "<group>"; };
		598F58082B13A5ED003B4FCB /* View+Extensions.swift */ = {isa = PBXFileReference; lastKnownFileType = sourcecode.swift; path = "View+Extensions.swift"; sourceTree = "<group>"; };
		59E06A192BA6C77E00FE18FD /* GoogleService-Info.plist */ = {isa = PBXFileReference; fileEncoding = 4; lastKnownFileType = text.plist.xml; name = "GoogleService-Info.plist"; path = "../../../../../../Downloads/GoogleService-Info.plist"; sourceTree = "<group>"; };
		59E75E962ADF53AA007A549C /* OursReader.app */ = {isa = PBXFileReference; explicitFileType = wrapper.application; includeInIndex = 0; path = OursReader.app; sourceTree = BUILT_PRODUCTS_DIR; };
		59E75E992ADF53AA007A549C /* OursReaderApp.swift */ = {isa = PBXFileReference; lastKnownFileType = sourcecode.swift; path = OursReaderApp.swift; sourceTree = "<group>"; };
		59E75E9B2ADF53AA007A549C /* ContentView.swift */ = {isa = PBXFileReference; lastKnownFileType = sourcecode.swift; path = ContentView.swift; sourceTree = "<group>"; };
		59E75E9D2ADF53AB007A549C /* Assets.xcassets */ = {isa = PBXFileReference; lastKnownFileType = folder.assetcatalog; path = Assets.xcassets; sourceTree = "<group>"; };
		59E75EA02ADF53AB007A549C /* Preview Assets.xcassets */ = {isa = PBXFileReference; lastKnownFileType = folder.assetcatalog; path = "Preview Assets.xcassets"; sourceTree = "<group>"; };
		59E75EA62ADF53AB007A549C /* OursReaderTests.xctest */ = {isa = PBXFileReference; explicitFileType = wrapper.cfbundle; includeInIndex = 0; path = OursReaderTests.xctest; sourceTree = BUILT_PRODUCTS_DIR; };
		59E75EAA2ADF53AB007A549C /* OursReaderTests.swift */ = {isa = PBXFileReference; lastKnownFileType = sourcecode.swift; path = OursReaderTests.swift; sourceTree = "<group>"; };
		59E75EB02ADF53AB007A549C /* OursReaderUITests.xctest */ = {isa = PBXFileReference; explicitFileType = wrapper.cfbundle; includeInIndex = 0; path = OursReaderUITests.xctest; sourceTree = BUILT_PRODUCTS_DIR; };
		59E75EB42ADF53AB007A549C /* OursReaderUITests.swift */ = {isa = PBXFileReference; lastKnownFileType = sourcecode.swift; path = OursReaderUITests.swift; sourceTree = "<group>"; };
		59E75EB62ADF53AB007A549C /* OursReaderUITestsLaunchTests.swift */ = {isa = PBXFileReference; lastKnownFileType = sourcecode.swift; path = OursReaderUITestsLaunchTests.swift; sourceTree = "<group>"; };
		59E75EC32ADF5749007A549C /* Model.swift */ = {isa = PBXFileReference; lastKnownFileType = sourcecode.swift; path = Model.swift; sourceTree = "<group>"; };
/* End PBXFileReference section */

/* Begin PBXFrameworksBuildPhase section */
		598053822BA6DA8D008056F3 /* Frameworks */ = {
			isa = PBXFrameworksBuildPhase;
			buildActionMask = 2147483647;
			files = (
				5980538A2BA6DA8D008056F3 /* SwiftUI.framework in Frameworks */,
				598053882BA6DA8D008056F3 /* WidgetKit.framework in Frameworks */,
			);
			runOnlyForDeploymentPostprocessing = 0;
		};
		598053CD2BA6DBE9008056F3 /* Frameworks */ = {
			isa = PBXFrameworksBuildPhase;
			buildActionMask = 2147483647;
			files = (
				598053D22BA6DBE9008056F3 /* SwiftUI.framework in Frameworks */,
				598053D12BA6DBE9008056F3 /* WidgetKit.framework in Frameworks */,
			);
			runOnlyForDeploymentPostprocessing = 0;
		};
		59E75E932ADF53AA007A549C /* Frameworks */ = {
			isa = PBXFrameworksBuildPhase;
			buildActionMask = 2147483647;
			files = (
				59E06A1D2BA6C87B00FE18FD /* FirebaseAnalytics in Frameworks */,
			);
			runOnlyForDeploymentPostprocessing = 0;
		};
		59E75EA32ADF53AB007A549C /* Frameworks */ = {
			isa = PBXFrameworksBuildPhase;
			buildActionMask = 2147483647;
			files = (
			);
			runOnlyForDeploymentPostprocessing = 0;
		};
		59E75EAD2ADF53AB007A549C /* Frameworks */ = {
			isa = PBXFrameworksBuildPhase;
			buildActionMask = 2147483647;
			files = (
			);
			runOnlyForDeploymentPostprocessing = 0;
		};
/* End PBXFrameworksBuildPhase section */

/* Begin PBXGroup section */
		5953369B2B05016700BB11D7 /* View */ = {
			isa = PBXGroup;
			children = (
				5953369F2B0503D800BB11D7 /* Home.swift */,
			);
			path = View;
			sourceTree = "<group>";
		};
		5953369C2B05016E00BB11D7 /* Model */ = {
			isa = PBXGroup;
			children = (
				5953369D2B05018100BB11D7 /* Tab.swift */,
			);
			path = Model;
			sourceTree = "<group>";
		};
		598053862BA6DA8D008056F3 /* Frameworks */ = {
			isa = PBXGroup;
			children = (
				598053872BA6DA8D008056F3 /* WidgetKit.framework */,
				598053892BA6DA8D008056F3 /* SwiftUI.framework */,
			);
			name = Frameworks;
			sourceTree = "<group>";
		};
		5980538B2BA6DA8D008056F3 /* SendMiss */ = {
			isa = PBXGroup;
			children = (
				5980538C2BA6DA8D008056F3 /* SendMissBundle.swift */,
				5980538E2BA6DA8D008056F3 /* SendMissLiveActivity.swift */,
				598053902BA6DA8D008056F3 /* SendMiss.swift */,
				598053922BA6DA8D008056F3 /* AppIntent.swift */,
				598053942BA6DA8E008056F3 /* Assets.xcassets */,
				598053962BA6DA8E008056F3 /* Info.plist */,
			);
			path = SendMiss;
			sourceTree = "<group>";
		};
		598053D32BA6DBE9008056F3 /* SImplySendMiss */ = {
			isa = PBXGroup;
			children = (
				598053D42BA6DBE9008056F3 /* SImplySendMissBundle.swift */,
				598053D62BA6DBE9008056F3 /* SImplySendMiss.swift */,
				598053D82BA6DBEA008056F3 /* Assets.xcassets */,
				598053DA2BA6DBEA008056F3 /* Info.plist */,
			);
			path = SImplySendMiss;
			sourceTree = "<group>";
		};
		598F58072B13A5D2003B4FCB /* Helpers */ = {
			isa = PBXGroup;
			children = (
				598F58082B13A5ED003B4FCB /* View+Extensions.swift */,
			);
			path = Helpers;
			sourceTree = "<group>";
		};
		59E75E8D2ADF53AA007A549C = {
			isa = PBXGroup;
			children = (
				59E75E982ADF53AA007A549C /* OursReader */,
				59E75EA92ADF53AB007A549C /* OursReaderTests */,
				59E75EB32ADF53AB007A549C /* OursReaderUITests */,
				5980538B2BA6DA8D008056F3 /* SendMiss */,
				598053D32BA6DBE9008056F3 /* SImplySendMiss */,
				598053862BA6DA8D008056F3 /* Frameworks */,
				59E75E972ADF53AA007A549C /* Products */,
			);
			sourceTree = "<group>";
		};
		59E75E972ADF53AA007A549C /* Products */ = {
			isa = PBXGroup;
			children = (
				59E75E962ADF53AA007A549C /* OursReader.app */,
				59E75EA62ADF53AB007A549C /* OursReaderTests.xctest */,
				59E75EB02ADF53AB007A549C /* OursReaderUITests.xctest */,
				598053852BA6DA8D008056F3 /* SendMissExtension.appex */,
				598053D02BA6DBE9008056F3 /* SImplySendMissExtension.appex */,
			);
			name = Products;
			sourceTree = "<group>";
		};
		59E75E982ADF53AA007A549C /* OursReader */ = {
			isa = PBXGroup;
			children = (
				598F58072B13A5D2003B4FCB /* Helpers */,
				5953369B2B05016700BB11D7 /* View */,
				5953369C2B05016E00BB11D7 /* Model */,
				59E75E992ADF53AA007A549C /* OursReaderApp.swift */,
				59E75E9B2ADF53AA007A549C /* ContentView.swift */,
				59E75EC32ADF5749007A549C /* Model.swift */,
				59E75E9D2ADF53AB007A549C /* Assets.xcassets */,
				59E06A192BA6C77E00FE18FD /* GoogleService-Info.plist */,
				59E75E9F2ADF53AB007A549C /* Preview Content */,
			);
			path = OursReader;
			sourceTree = "<group>";
		};
		59E75E9F2ADF53AB007A549C /* Preview Content */ = {
			isa = PBXGroup;
			children = (
				59E75EA02ADF53AB007A549C /* Preview Assets.xcassets */,
			);
			path = "Preview Content";
			sourceTree = "<group>";
		};
		59E75EA92ADF53AB007A549C /* OursReaderTests */ = {
			isa = PBXGroup;
			children = (
				59E75EAA2ADF53AB007A549C /* OursReaderTests.swift */,
			);
			path = OursReaderTests;
			sourceTree = "<group>";
		};
		59E75EB32ADF53AB007A549C /* OursReaderUITests */ = {
			isa = PBXGroup;
			children = (
				59E75EB42ADF53AB007A549C /* OursReaderUITests.swift */,
				59E75EB62ADF53AB007A549C /* OursReaderUITestsLaunchTests.swift */,
			);
			path = OursReaderUITests;
			sourceTree = "<group>";
		};
/* End PBXGroup section */

/* Begin PBXNativeTarget section */
		598053842BA6DA8D008056F3 /* SendMissExtension */ = {
			isa = PBXNativeTarget;
			buildConfigurationList = 5980539A2BA6DA8E008056F3 /* Build configuration list for PBXNativeTarget "SendMissExtension" */;
			buildPhases = (
				598053812BA6DA8D008056F3 /* Sources */,
				598053822BA6DA8D008056F3 /* Frameworks */,
				598053832BA6DA8D008056F3 /* Resources */,
			);
			buildRules = (
			);
			dependencies = (
			);
			name = SendMissExtension;
			productName = SendMissExtension;
			productReference = 598053852BA6DA8D008056F3 /* SendMissExtension.appex */;
			productType = "com.apple.product-type.app-extension";
		};
		598053CF2BA6DBE9008056F3 /* SImplySendMissExtension */ = {
			isa = PBXNativeTarget;
			buildConfigurationList = 598053DE2BA6DBEA008056F3 /* Build configuration list for PBXNativeTarget "SImplySendMissExtension" */;
			buildPhases = (
				598053CC2BA6DBE9008056F3 /* Sources */,
				598053CD2BA6DBE9008056F3 /* Frameworks */,
				598053CE2BA6DBE9008056F3 /* Resources */,
			);
			buildRules = (
			);
			dependencies = (
			);
			name = SImplySendMissExtension;
			productName = SImplySendMissExtension;
			productReference = 598053D02BA6DBE9008056F3 /* SImplySendMissExtension.appex */;
			productType = "com.apple.product-type.app-extension";
		};
		59E75E952ADF53AA007A549C /* OursReader */ = {
			isa = PBXNativeTarget;
			buildConfigurationList = 59E75EBA2ADF53AB007A549C /* Build configuration list for PBXNativeTarget "OursReader" */;
			buildPhases = (
				59E75E922ADF53AA007A549C /* Sources */,
				59E75E932ADF53AA007A549C /* Frameworks */,
				59E75E942ADF53AA007A549C /* Resources */,
				5980539D2BA6DA8E008056F3 /* Embed Foundation Extensions */,
			);
			buildRules = (
			);
			dependencies = (
				598053982BA6DA8E008056F3 /* PBXTargetDependency */,
				598053DC2BA6DBEA008056F3 /* PBXTargetDependency */,
			);
			name = OursReader;
			packageProductDependencies = (
				59E06A1C2BA6C87B00FE18FD /* FirebaseAnalytics */,
			);
			productName = OursReader;
			productReference = 59E75E962ADF53AA007A549C /* OursReader.app */;
			productType = "com.apple.product-type.application";
		};
		59E75EA52ADF53AB007A549C /* OursReaderTests */ = {
			isa = PBXNativeTarget;
			buildConfigurationList = 59E75EBD2ADF53AB007A549C /* Build configuration list for PBXNativeTarget "OursReaderTests" */;
			buildPhases = (
				59E75EA22ADF53AB007A549C /* Sources */,
				59E75EA32ADF53AB007A549C /* Frameworks */,
				59E75EA42ADF53AB007A549C /* Resources */,
			);
			buildRules = (
			);
			dependencies = (
				59E75EA82ADF53AB007A549C /* PBXTargetDependency */,
			);
			name = OursReaderTests;
			productName = OursReaderTests;
			productReference = 59E75EA62ADF53AB007A549C /* OursReaderTests.xctest */;
			productType = "com.apple.product-type.bundle.unit-test";
		};
		59E75EAF2ADF53AB007A549C /* OursReaderUITests */ = {
			isa = PBXNativeTarget;
			buildConfigurationList = 59E75EC02ADF53AB007A549C /* Build configuration list for PBXNativeTarget "OursReaderUITests" */;
			buildPhases = (
				59E75EAC2ADF53AB007A549C /* Sources */,
				59E75EAD2ADF53AB007A549C /* Frameworks */,
				59E75EAE2ADF53AB007A549C /* Resources */,
			);
			buildRules = (
			);
			dependencies = (
				59E75EB22ADF53AB007A549C /* PBXTargetDependency */,
			);
			name = OursReaderUITests;
			productName = OursReaderUITests;
			productReference = 59E75EB02ADF53AB007A549C /* OursReaderUITests.xctest */;
			productType = "com.apple.product-type.bundle.ui-testing";
		};
/* End PBXNativeTarget section */

/* Begin PBXProject section */
		59E75E8E2ADF53AA007A549C /* Project object */ = {
			isa = PBXProject;
			attributes = {
				BuildIndependentTargetsInParallel = 1;
				KnownAssetTags = (
					New,
				);
				LastSwiftUpdateCheck = 1500;
				LastUpgradeCheck = 1430;
				TargetAttributes = {
					598053842BA6DA8D008056F3 = {
						CreatedOnToolsVersion = 15.0.1;
					};
					598053CF2BA6DBE9008056F3 = {
						CreatedOnToolsVersion = 15.0.1;
					};
					59E75E952ADF53AA007A549C = {
						CreatedOnToolsVersion = 14.3;
					};
					59E75EA52ADF53AB007A549C = {
						CreatedOnToolsVersion = 14.3;
						TestTargetID = 59E75E952ADF53AA007A549C;
					};
					59E75EAF2ADF53AB007A549C = {
						CreatedOnToolsVersion = 14.3;
						TestTargetID = 59E75E952ADF53AA007A549C;
					};
				};
			};
			buildConfigurationList = 59E75E912ADF53AA007A549C /* Build configuration list for PBXProject "OursReader" */;
			compatibilityVersion = "Xcode 14.0";
			developmentRegion = en;
			hasScannedForEncodings = 0;
			knownRegions = (
				en,
				Base,
			);
			mainGroup = 59E75E8D2ADF53AA007A549C;
			packageReferences = (
				59E06A1B2BA6C87B00FE18FD /* XCRemoteSwiftPackageReference "firebase-ios-sdk" */,
			);
			productRefGroup = 59E75E972ADF53AA007A549C /* Products */;
			projectDirPath = "";
			projectRoot = "";
			targets = (
				59E75E952ADF53AA007A549C /* OursReader */,
				59E75EA52ADF53AB007A549C /* OursReaderTests */,
				59E75EAF2ADF53AB007A549C /* OursReaderUITests */,
				598053842BA6DA8D008056F3 /* SendMissExtension */,
				598053CF2BA6DBE9008056F3 /* SImplySendMissExtension */,
			);
		};
/* End PBXProject section */

/* Begin PBXResourcesBuildPhase section */
		598053832BA6DA8D008056F3 /* Resources */ = {
			isa = PBXResourcesBuildPhase;
			buildActionMask = 2147483647;
			files = (
				598053952BA6DA8E008056F3 /* Assets.xcassets in Resources */,
			);
			runOnlyForDeploymentPostprocessing = 0;
		};
		598053CE2BA6DBE9008056F3 /* Resources */ = {
			isa = PBXResourcesBuildPhase;
			buildActionMask = 2147483647;
			files = (
				598053D92BA6DBEA008056F3 /* Assets.xcassets in Resources */,
			);
			runOnlyForDeploymentPostprocessing = 0;
		};
		59E75E942ADF53AA007A549C /* Resources */ = {
			isa = PBXResourcesBuildPhase;
			buildActionMask = 2147483647;
			files = (
				59E75EA12ADF53AB007A549C /* Preview Assets.xcassets in Resources */,
				59E75E9E2ADF53AB007A549C /* Assets.xcassets in Resources */,
				59E06A1A2BA6C77E00FE18FD /* GoogleService-Info.plist in Resources */,
			);
			runOnlyForDeploymentPostprocessing = 0;
		};
		59E75EA42ADF53AB007A549C /* Resources */ = {
			isa = PBXResourcesBuildPhase;
			buildActionMask = 2147483647;
			files = (
			);
			runOnlyForDeploymentPostprocessing = 0;
		};
		59E75EAE2ADF53AB007A549C /* Resources */ = {
			isa = PBXResourcesBuildPhase;
			buildActionMask = 2147483647;
			files = (
			);
			runOnlyForDeploymentPostprocessing = 0;
		};
/* End PBXResourcesBuildPhase section */

/* Begin PBXSourcesBuildPhase section */
		598053812BA6DA8D008056F3 /* Sources */ = {
			isa = PBXSourcesBuildPhase;
			buildActionMask = 2147483647;
			files = (
				598053912BA6DA8D008056F3 /* SendMiss.swift in Sources */,
				598053932BA6DA8D008056F3 /* AppIntent.swift in Sources */,
				5980538F2BA6DA8D008056F3 /* SendMissLiveActivity.swift in Sources */,
				5980538D2BA6DA8D008056F3 /* SendMissBundle.swift in Sources */,
			);
			runOnlyForDeploymentPostprocessing = 0;
		};
		598053CC2BA6DBE9008056F3 /* Sources */ = {
			isa = PBXSourcesBuildPhase;
			buildActionMask = 2147483647;
			files = (
				598053D52BA6DBE9008056F3 /* SImplySendMissBundle.swift in Sources */,
				598053D72BA6DBE9008056F3 /* SImplySendMiss.swift in Sources */,
			);
			runOnlyForDeploymentPostprocessing = 0;
		};
		59E75E922ADF53AA007A549C /* Sources */ = {
			isa = PBXSourcesBuildPhase;
			buildActionMask = 2147483647;
			files = (
				59E75EC42ADF5749007A549C /* Model.swift in Sources */,
				59E75E9C2ADF53AA007A549C /* ContentView.swift in Sources */,
				595336A02B0503D800BB11D7 /* Home.swift in Sources */,
				59E75E9A2ADF53AA007A549C /* OursReaderApp.swift in Sources */,
				598F58092B13A5ED003B4FCB /* View+Extensions.swift in Sources */,
				5953369E2B05018100BB11D7 /* Tab.swift in Sources */,
			);
			runOnlyForDeploymentPostprocessing = 0;
		};
		59E75EA22ADF53AB007A549C /* Sources */ = {
			isa = PBXSourcesBuildPhase;
			buildActionMask = 2147483647;
			files = (
				59E75EAB2ADF53AB007A549C /* OursReaderTests.swift in Sources */,
			);
			runOnlyForDeploymentPostprocessing = 0;
		};
		59E75EAC2ADF53AB007A549C /* Sources */ = {
			isa = PBXSourcesBuildPhase;
			buildActionMask = 2147483647;
			files = (
				59E75EB72ADF53AB007A549C /* OursReaderUITestsLaunchTests.swift in Sources */,
				59E75EB52ADF53AB007A549C /* OursReaderUITests.swift in Sources */,
			);
			runOnlyForDeploymentPostprocessing = 0;
		};
/* End PBXSourcesBuildPhase section */

/* Begin PBXTargetDependency section */
		598053982BA6DA8E008056F3 /* PBXTargetDependency */ = {
			isa = PBXTargetDependency;
			target = 598053842BA6DA8D008056F3 /* SendMissExtension */;
			targetProxy = 598053972BA6DA8E008056F3 /* PBXContainerItemProxy */;
		};
		598053DC2BA6DBEA008056F3 /* PBXTargetDependency */ = {
			isa = PBXTargetDependency;
			target = 598053CF2BA6DBE9008056F3 /* SImplySendMissExtension */;
			targetProxy = 598053DB2BA6DBEA008056F3 /* PBXContainerItemProxy */;
		};
		59E75EA82ADF53AB007A549C /* PBXTargetDependency */ = {
			isa = PBXTargetDependency;
			target = 59E75E952ADF53AA007A549C /* OursReader */;
			targetProxy = 59E75EA72ADF53AB007A549C /* PBXContainerItemProxy */;
		};
		59E75EB22ADF53AB007A549C /* PBXTargetDependency */ = {
			isa = PBXTargetDependency;
			target = 59E75E952ADF53AA007A549C /* OursReader */;
			targetProxy = 59E75EB12ADF53AB007A549C /* PBXContainerItemProxy */;
		};
/* End PBXTargetDependency section */

/* Begin XCBuildConfiguration section */
		5980539B2BA6DA8E008056F3 /* Debug */ = {
			isa = XCBuildConfiguration;
			buildSettings = {
				ASSETCATALOG_COMPILER_GENERATE_SWIFT_ASSET_SYMBOL_EXTENSIONS = YES;
				ASSETCATALOG_COMPILER_GLOBAL_ACCENT_COLOR_NAME = AccentColor;
				ASSETCATALOG_COMPILER_WIDGET_BACKGROUND_COLOR_NAME = WidgetBackground;
				CODE_SIGN_STYLE = Automatic;
				CURRENT_PROJECT_VERSION = 1;
				DEVELOPMENT_TEAM = UM4ZKH8HWF;
				ENABLE_USER_SCRIPT_SANDBOXING = YES;
				GCC_C_LANGUAGE_STANDARD = gnu17;
				GENERATE_INFOPLIST_FILE = YES;
				INFOPLIST_FILE = SendMiss/Info.plist;
				INFOPLIST_KEY_CFBundleDisplayName = SendMiss;
				INFOPLIST_KEY_NSHumanReadableCopyright = "";
				IPHONEOS_DEPLOYMENT_TARGET = 17.0;
				LD_RUNPATH_SEARCH_PATHS = (
					"$(inherited)",
					"@executable_path/Frameworks",
					"@executable_path/../../Frameworks",
				);
				LOCALIZATION_PREFERS_STRING_CATALOGS = YES;
				MARKETING_VERSION = 1.0;
				PRODUCT_BUNDLE_IDENTIFIER = com.cliffproject.OursReader.SendMiss;
				PRODUCT_NAME = "$(TARGET_NAME)";
				SKIP_INSTALL = YES;
				SWIFT_ACTIVE_COMPILATION_CONDITIONS = "DEBUG $(inherited)";
				SWIFT_EMIT_LOC_STRINGS = YES;
				SWIFT_VERSION = 5.0;
				TARGETED_DEVICE_FAMILY = "1,2";
			};
			name = Debug;
		};
		5980539C2BA6DA8E008056F3 /* Release */ = {
			isa = XCBuildConfiguration;
			buildSettings = {
				ASSETCATALOG_COMPILER_GENERATE_SWIFT_ASSET_SYMBOL_EXTENSIONS = YES;
				ASSETCATALOG_COMPILER_GLOBAL_ACCENT_COLOR_NAME = AccentColor;
				ASSETCATALOG_COMPILER_WIDGET_BACKGROUND_COLOR_NAME = WidgetBackground;
				CODE_SIGN_STYLE = Automatic;
				CURRENT_PROJECT_VERSION = 1;
				DEVELOPMENT_TEAM = UM4ZKH8HWF;
				ENABLE_USER_SCRIPT_SANDBOXING = YES;
				GCC_C_LANGUAGE_STANDARD = gnu17;
				GENERATE_INFOPLIST_FILE = YES;
				INFOPLIST_FILE = SendMiss/Info.plist;
				INFOPLIST_KEY_CFBundleDisplayName = SendMiss;
				INFOPLIST_KEY_NSHumanReadableCopyright = "";
				IPHONEOS_DEPLOYMENT_TARGET = 17.0;
				LD_RUNPATH_SEARCH_PATHS = (
					"$(inherited)",
					"@executable_path/Frameworks",
					"@executable_path/../../Frameworks",
				);
				LOCALIZATION_PREFERS_STRING_CATALOGS = YES;
				MARKETING_VERSION = 1.0;
				PRODUCT_BUNDLE_IDENTIFIER = com.cliffproject.OursReader.SendMiss;
				PRODUCT_NAME = "$(TARGET_NAME)";
				SKIP_INSTALL = YES;
				SWIFT_EMIT_LOC_STRINGS = YES;
				SWIFT_VERSION = 5.0;
				TARGETED_DEVICE_FAMILY = "1,2";
			};
			name = Release;
		};
		598053DF2BA6DBEA008056F3 /* Debug */ = {
			isa = XCBuildConfiguration;
			buildSettings = {
				ASSETCATALOG_COMPILER_GENERATE_SWIFT_ASSET_SYMBOL_EXTENSIONS = YES;
				ASSETCATALOG_COMPILER_GLOBAL_ACCENT_COLOR_NAME = AccentColor;
				ASSETCATALOG_COMPILER_WIDGET_BACKGROUND_COLOR_NAME = WidgetBackground;
				CODE_SIGN_STYLE = Automatic;
				CURRENT_PROJECT_VERSION = 1;
				DEVELOPMENT_TEAM = UM4ZKH8HWF;
				ENABLE_USER_SCRIPT_SANDBOXING = YES;
				GCC_C_LANGUAGE_STANDARD = gnu17;
				GENERATE_INFOPLIST_FILE = YES;
				INFOPLIST_FILE = SImplySendMiss/Info.plist;
				INFOPLIST_KEY_CFBundleDisplayName = SImplySendMiss;
				INFOPLIST_KEY_NSHumanReadableCopyright = "";
				IPHONEOS_DEPLOYMENT_TARGET = 17.0;
				LD_RUNPATH_SEARCH_PATHS = (
					"$(inherited)",
					"@executable_path/Frameworks",
					"@executable_path/../../Frameworks",
				);
				LOCALIZATION_PREFERS_STRING_CATALOGS = YES;
				MARKETING_VERSION = 1.0;
				PRODUCT_BUNDLE_IDENTIFIER = com.cliffproject.OursReader.SImplySendMiss;
				PRODUCT_NAME = "$(TARGET_NAME)";
				SKIP_INSTALL = YES;
				SWIFT_ACTIVE_COMPILATION_CONDITIONS = "DEBUG $(inherited)";
				SWIFT_EMIT_LOC_STRINGS = YES;
				SWIFT_VERSION = 5.0;
				TARGETED_DEVICE_FAMILY = "1,2";
			};
			name = Debug;
		};
		598053E02BA6DBEA008056F3 /* Release */ = {
			isa = XCBuildConfiguration;
			buildSettings = {
				ASSETCATALOG_COMPILER_GENERATE_SWIFT_ASSET_SYMBOL_EXTENSIONS = YES;
				ASSETCATALOG_COMPILER_GLOBAL_ACCENT_COLOR_NAME = AccentColor;
				ASSETCATALOG_COMPILER_WIDGET_BACKGROUND_COLOR_NAME = WidgetBackground;
				CODE_SIGN_STYLE = Automatic;
				CURRENT_PROJECT_VERSION = 1;
				DEVELOPMENT_TEAM = UM4ZKH8HWF;
				ENABLE_USER_SCRIPT_SANDBOXING = YES;
				GCC_C_LANGUAGE_STANDARD = gnu17;
				GENERATE_INFOPLIST_FILE = YES;
				INFOPLIST_FILE = SImplySendMiss/Info.plist;
				INFOPLIST_KEY_CFBundleDisplayName = SImplySendMiss;
				INFOPLIST_KEY_NSHumanReadableCopyright = "";
				IPHONEOS_DEPLOYMENT_TARGET = 17.0;
				LD_RUNPATH_SEARCH_PATHS = (
					"$(inherited)",
					"@executable_path/Frameworks",
					"@executable_path/../../Frameworks",
				);
				LOCALIZATION_PREFERS_STRING_CATALOGS = YES;
				MARKETING_VERSION = 1.0;
				PRODUCT_BUNDLE_IDENTIFIER = com.cliffproject.OursReader.SImplySendMiss;
				PRODUCT_NAME = "$(TARGET_NAME)";
				SKIP_INSTALL = YES;
				SWIFT_EMIT_LOC_STRINGS = YES;
				SWIFT_VERSION = 5.0;
				TARGETED_DEVICE_FAMILY = "1,2";
			};
			name = Release;
		};
		59E75EB82ADF53AB007A549C /* Debug */ = {
			isa = XCBuildConfiguration;
			buildSettings = {
				ALWAYS_SEARCH_USER_PATHS = NO;
				CLANG_ANALYZER_NONNULL = YES;
				CLANG_ANALYZER_NUMBER_OBJECT_CONVERSION = YES_AGGRESSIVE;
				CLANG_CXX_LANGUAGE_STANDARD = "gnu++20";
				CLANG_ENABLE_MODULES = YES;
				CLANG_ENABLE_OBJC_ARC = YES;
				CLANG_ENABLE_OBJC_WEAK = YES;
				CLANG_WARN_BLOCK_CAPTURE_AUTORELEASING = YES;
				CLANG_WARN_BOOL_CONVERSION = YES;
				CLANG_WARN_COMMA = YES;
				CLANG_WARN_CONSTANT_CONVERSION = YES;
				CLANG_WARN_DEPRECATED_OBJC_IMPLEMENTATIONS = YES;
				CLANG_WARN_DIRECT_OBJC_ISA_USAGE = YES_ERROR;
				CLANG_WARN_DOCUMENTATION_COMMENTS = YES;
				CLANG_WARN_EMPTY_BODY = YES;
				CLANG_WARN_ENUM_CONVERSION = YES;
				CLANG_WARN_INFINITE_RECURSION = YES;
				CLANG_WARN_INT_CONVERSION = YES;
				CLANG_WARN_NON_LITERAL_NULL_CONVERSION = YES;
				CLANG_WARN_OBJC_IMPLICIT_RETAIN_SELF = YES;
				CLANG_WARN_OBJC_LITERAL_CONVERSION = YES;
				CLANG_WARN_OBJC_ROOT_CLASS = YES_ERROR;
				CLANG_WARN_QUOTED_INCLUDE_IN_FRAMEWORK_HEADER = YES;
				CLANG_WARN_RANGE_LOOP_ANALYSIS = YES;
				CLANG_WARN_STRICT_PROTOTYPES = YES;
				CLANG_WARN_SUSPICIOUS_MOVE = YES;
				CLANG_WARN_UNGUARDED_AVAILABILITY = YES_AGGRESSIVE;
				CLANG_WARN_UNREACHABLE_CODE = YES;
				CLANG_WARN__DUPLICATE_METHOD_MATCH = YES;
				COPY_PHASE_STRIP = NO;
				DEBUG_INFORMATION_FORMAT = dwarf;
				ENABLE_STRICT_OBJC_MSGSEND = YES;
				ENABLE_TESTABILITY = YES;
				GCC_C_LANGUAGE_STANDARD = gnu11;
				GCC_DYNAMIC_NO_PIC = NO;
				GCC_NO_COMMON_BLOCKS = YES;
				GCC_OPTIMIZATION_LEVEL = 0;
				GCC_PREPROCESSOR_DEFINITIONS = (
					"DEBUG=1",
					"$(inherited)",
				);
				GCC_WARN_64_TO_32_BIT_CONVERSION = YES;
				GCC_WARN_ABOUT_RETURN_TYPE = YES_ERROR;
				GCC_WARN_UNDECLARED_SELECTOR = YES;
				GCC_WARN_UNINITIALIZED_AUTOS = YES_AGGRESSIVE;
				GCC_WARN_UNUSED_FUNCTION = YES;
				GCC_WARN_UNUSED_VARIABLE = YES;
				IPHONEOS_DEPLOYMENT_TARGET = 16.4;
				MTL_ENABLE_DEBUG_INFO = INCLUDE_SOURCE;
				MTL_FAST_MATH = YES;
				ONLY_ACTIVE_ARCH = YES;
				SDKROOT = iphoneos;
				SWIFT_ACTIVE_COMPILATION_CONDITIONS = DEBUG;
				SWIFT_OPTIMIZATION_LEVEL = "-Onone";
			};
			name = Debug;
		};
		59E75EB92ADF53AB007A549C /* Release */ = {
			isa = XCBuildConfiguration;
			buildSettings = {
				ALWAYS_SEARCH_USER_PATHS = NO;
				CLANG_ANALYZER_NONNULL = YES;
				CLANG_ANALYZER_NUMBER_OBJECT_CONVERSION = YES_AGGRESSIVE;
				CLANG_CXX_LANGUAGE_STANDARD = "gnu++20";
				CLANG_ENABLE_MODULES = YES;
				CLANG_ENABLE_OBJC_ARC = YES;
				CLANG_ENABLE_OBJC_WEAK = YES;
				CLANG_WARN_BLOCK_CAPTURE_AUTORELEASING = YES;
				CLANG_WARN_BOOL_CONVERSION = YES;
				CLANG_WARN_COMMA = YES;
				CLANG_WARN_CONSTANT_CONVERSION = YES;
				CLANG_WARN_DEPRECATED_OBJC_IMPLEMENTATIONS = YES;
				CLANG_WARN_DIRECT_OBJC_ISA_USAGE = YES_ERROR;
				CLANG_WARN_DOCUMENTATION_COMMENTS = YES;
				CLANG_WARN_EMPTY_BODY = YES;
				CLANG_WARN_ENUM_CONVERSION = YES;
				CLANG_WARN_INFINITE_RECURSION = YES;
				CLANG_WARN_INT_CONVERSION = YES;
				CLANG_WARN_NON_LITERAL_NULL_CONVERSION = YES;
				CLANG_WARN_OBJC_IMPLICIT_RETAIN_SELF = YES;
				CLANG_WARN_OBJC_LITERAL_CONVERSION = YES;
				CLANG_WARN_OBJC_ROOT_CLASS = YES_ERROR;
				CLANG_WARN_QUOTED_INCLUDE_IN_FRAMEWORK_HEADER = YES;
				CLANG_WARN_RANGE_LOOP_ANALYSIS = YES;
				CLANG_WARN_STRICT_PROTOTYPES = YES;
				CLANG_WARN_SUSPICIOUS_MOVE = YES;
				CLANG_WARN_UNGUARDED_AVAILABILITY = YES_AGGRESSIVE;
				CLANG_WARN_UNREACHABLE_CODE = YES;
				CLANG_WARN__DUPLICATE_METHOD_MATCH = YES;
				COPY_PHASE_STRIP = NO;
				DEBUG_INFORMATION_FORMAT = "dwarf-with-dsym";
				ENABLE_NS_ASSERTIONS = NO;
				ENABLE_STRICT_OBJC_MSGSEND = YES;
				GCC_C_LANGUAGE_STANDARD = gnu11;
				GCC_NO_COMMON_BLOCKS = YES;
				GCC_WARN_64_TO_32_BIT_CONVERSION = YES;
				GCC_WARN_ABOUT_RETURN_TYPE = YES_ERROR;
				GCC_WARN_UNDECLARED_SELECTOR = YES;
				GCC_WARN_UNINITIALIZED_AUTOS = YES_AGGRESSIVE;
				GCC_WARN_UNUSED_FUNCTION = YES;
				GCC_WARN_UNUSED_VARIABLE = YES;
				IPHONEOS_DEPLOYMENT_TARGET = 16.4;
				MTL_ENABLE_DEBUG_INFO = NO;
				MTL_FAST_MATH = YES;
				SDKROOT = iphoneos;
				SWIFT_COMPILATION_MODE = wholemodule;
				SWIFT_OPTIMIZATION_LEVEL = "-O";
				VALIDATE_PRODUCT = YES;
			};
			name = Release;
		};
		59E75EBB2ADF53AB007A549C /* Debug */ = {
			isa = XCBuildConfiguration;
			buildSettings = {
				ALWAYS_EMBED_SWIFT_STANDARD_LIBRARIES = YES;
				ASSETCATALOG_COMPILER_APPICON_NAME = AppIcon;
				ASSETCATALOG_COMPILER_GLOBAL_ACCENT_COLOR_NAME = AccentColor;
				CODE_SIGN_STYLE = Automatic;
				CURRENT_PROJECT_VERSION = 1;
				DEVELOPMENT_ASSET_PATHS = "\"OursReader/Preview Content\"";
				DEVELOPMENT_TEAM = UM4ZKH8HWF;
				ENABLE_PREVIEWS = YES;
				GENERATE_INFOPLIST_FILE = YES;
				INFOPLIST_KEY_UIApplicationSceneManifest_Generation = YES;
				INFOPLIST_KEY_UIApplicationSupportsIndirectInputEvents = YES;
				INFOPLIST_KEY_UILaunchScreen_Generation = YES;
				INFOPLIST_KEY_UISupportedInterfaceOrientations_iPad = "UIInterfaceOrientationPortrait UIInterfaceOrientationPortraitUpsideDown UIInterfaceOrientationLandscapeLeft UIInterfaceOrientationLandscapeRight";
				INFOPLIST_KEY_UISupportedInterfaceOrientations_iPhone = "UIInterfaceOrientationPortrait UIInterfaceOrientationLandscapeLeft UIInterfaceOrientationLandscapeRight";
				IPHONEOS_DEPLOYMENT_TARGET = 17.0;
				LD_RUNPATH_SEARCH_PATHS = (
					"$(inherited)",
					"@executable_path/Frameworks",
				);
				MARKETING_VERSION = 1.0;
				PRODUCT_BUNDLE_IDENTIFIER = com.cliffproject.OursReader;
				PRODUCT_NAME = "$(TARGET_NAME)";
				SWIFT_EMIT_LOC_STRINGS = YES;
				SWIFT_VERSION = 5.0;
				TARGETED_DEVICE_FAMILY = "1,2";
			};
			name = Debug;
		};
		59E75EBC2ADF53AB007A549C /* Release */ = {
			isa = XCBuildConfiguration;
			buildSettings = {
				ALWAYS_EMBED_SWIFT_STANDARD_LIBRARIES = YES;
				ASSETCATALOG_COMPILER_APPICON_NAME = AppIcon;
				ASSETCATALOG_COMPILER_GLOBAL_ACCENT_COLOR_NAME = AccentColor;
				CODE_SIGN_STYLE = Automatic;
				CURRENT_PROJECT_VERSION = 1;
				DEVELOPMENT_ASSET_PATHS = "\"OursReader/Preview Content\"";
				DEVELOPMENT_TEAM = UM4ZKH8HWF;
				ENABLE_PREVIEWS = YES;
				GENERATE_INFOPLIST_FILE = YES;
				INFOPLIST_KEY_UIApplicationSceneManifest_Generation = YES;
				INFOPLIST_KEY_UIApplicationSupportsIndirectInputEvents = YES;
				INFOPLIST_KEY_UILaunchScreen_Generation = YES;
				INFOPLIST_KEY_UISupportedInterfaceOrientations_iPad = "UIInterfaceOrientationPortrait UIInterfaceOrientationPortraitUpsideDown UIInterfaceOrientationLandscapeLeft UIInterfaceOrientationLandscapeRight";
				INFOPLIST_KEY_UISupportedInterfaceOrientations_iPhone = "UIInterfaceOrientationPortrait UIInterfaceOrientationLandscapeLeft UIInterfaceOrientationLandscapeRight";
				IPHONEOS_DEPLOYMENT_TARGET = 17.0;
				LD_RUNPATH_SEARCH_PATHS = (
					"$(inherited)",
					"@executable_path/Frameworks",
				);
				MARKETING_VERSION = 1.0;
				PRODUCT_BUNDLE_IDENTIFIER = com.cliffproject.OursReader;
				PRODUCT_NAME = "$(TARGET_NAME)";
				SWIFT_EMIT_LOC_STRINGS = YES;
				SWIFT_VERSION = 5.0;
				TARGETED_DEVICE_FAMILY = "1,2";
			};
			name = Release;
		};
		59E75EBE2ADF53AB007A549C /* Debug */ = {
			isa = XCBuildConfiguration;
			buildSettings = {
				ALWAYS_EMBED_SWIFT_STANDARD_LIBRARIES = YES;
				BUNDLE_LOADER = "$(TEST_HOST)";
				CODE_SIGN_STYLE = Automatic;
				CURRENT_PROJECT_VERSION = 1;
				DEVELOPMENT_TEAM = UM4ZKH8HWF;
				GENERATE_INFOPLIST_FILE = YES;
				IPHONEOS_DEPLOYMENT_TARGET = 16.4;
				MARKETING_VERSION = 1.0;
				PRODUCT_BUNDLE_IDENTIFIER = com.cliffproject.OursReaderTests;
				PRODUCT_NAME = "$(TARGET_NAME)";
				SWIFT_EMIT_LOC_STRINGS = NO;
				SWIFT_VERSION = 5.0;
				TARGETED_DEVICE_FAMILY = "1,2";
				TEST_HOST = "$(BUILT_PRODUCTS_DIR)/OursReader.app/$(BUNDLE_EXECUTABLE_FOLDER_PATH)/OursReader";
			};
			name = Debug;
		};
		59E75EBF2ADF53AB007A549C /* Release */ = {
			isa = XCBuildConfiguration;
			buildSettings = {
				ALWAYS_EMBED_SWIFT_STANDARD_LIBRARIES = YES;
				BUNDLE_LOADER = "$(TEST_HOST)";
				CODE_SIGN_STYLE = Automatic;
				CURRENT_PROJECT_VERSION = 1;
				DEVELOPMENT_TEAM = UM4ZKH8HWF;
				GENERATE_INFOPLIST_FILE = YES;
				IPHONEOS_DEPLOYMENT_TARGET = 16.4;
				MARKETING_VERSION = 1.0;
				PRODUCT_BUNDLE_IDENTIFIER = com.cliffproject.OursReaderTests;
				PRODUCT_NAME = "$(TARGET_NAME)";
				SWIFT_EMIT_LOC_STRINGS = NO;
				SWIFT_VERSION = 5.0;
				TARGETED_DEVICE_FAMILY = "1,2";
				TEST_HOST = "$(BUILT_PRODUCTS_DIR)/OursReader.app/$(BUNDLE_EXECUTABLE_FOLDER_PATH)/OursReader";
			};
			name = Release;
		};
		59E75EC12ADF53AB007A549C /* Debug */ = {
			isa = XCBuildConfiguration;
			buildSettings = {
				ALWAYS_EMBED_SWIFT_STANDARD_LIBRARIES = YES;
				CODE_SIGN_STYLE = Automatic;
				CURRENT_PROJECT_VERSION = 1;
				DEVELOPMENT_TEAM = UM4ZKH8HWF;
				GENERATE_INFOPLIST_FILE = YES;
				MARKETING_VERSION = 1.0;
				PRODUCT_BUNDLE_IDENTIFIER = com.cliffproject.OursReaderUITests;
				PRODUCT_NAME = "$(TARGET_NAME)";
				SWIFT_EMIT_LOC_STRINGS = NO;
				SWIFT_VERSION = 5.0;
				TARGETED_DEVICE_FAMILY = "1,2";
				TEST_TARGET_NAME = OursReader;
			};
			name = Debug;
		};
		59E75EC22ADF53AB007A549C /* Release */ = {
			isa = XCBuildConfiguration;
			buildSettings = {
				ALWAYS_EMBED_SWIFT_STANDARD_LIBRARIES = YES;
				CODE_SIGN_STYLE = Automatic;
				CURRENT_PROJECT_VERSION = 1;
				DEVELOPMENT_TEAM = UM4ZKH8HWF;
				GENERATE_INFOPLIST_FILE = YES;
				MARKETING_VERSION = 1.0;
				PRODUCT_BUNDLE_IDENTIFIER = com.cliffproject.OursReaderUITests;
				PRODUCT_NAME = "$(TARGET_NAME)";
				SWIFT_EMIT_LOC_STRINGS = NO;
				SWIFT_VERSION = 5.0;
				TARGETED_DEVICE_FAMILY = "1,2";
				TEST_TARGET_NAME = OursReader;
			};
			name = Release;
		};
/* End XCBuildConfiguration section */

/* Begin XCConfigurationList section */
		5980539A2BA6DA8E008056F3 /* Build configuration list for PBXNativeTarget "SendMissExtension" */ = {
			isa = XCConfigurationList;
			buildConfigurations = (
				5980539B2BA6DA8E008056F3 /* Debug */,
				5980539C2BA6DA8E008056F3 /* Release */,
			);
			defaultConfigurationIsVisible = 0;
			defaultConfigurationName = Release;
		};
		598053DE2BA6DBEA008056F3 /* Build configuration list for PBXNativeTarget "SImplySendMissExtension" */ = {
			isa = XCConfigurationList;
			buildConfigurations = (
				598053DF2BA6DBEA008056F3 /* Debug */,
				598053E02BA6DBEA008056F3 /* Release */,
			);
			defaultConfigurationIsVisible = 0;
			defaultConfigurationName = Release;
		};
		59E75E912ADF53AA007A549C /* Build configuration list for PBXProject "OursReader" */ = {
			isa = XCConfigurationList;
			buildConfigurations = (
				59E75EB82ADF53AB007A549C /* Debug */,
				59E75EB92ADF53AB007A549C /* Release */,
			);
			defaultConfigurationIsVisible = 0;
			defaultConfigurationName = Release;
		};
		59E75EBA2ADF53AB007A549C /* Build configuration list for PBXNativeTarget "OursReader" */ = {
			isa = XCConfigurationList;
			buildConfigurations = (
				59E75EBB2ADF53AB007A549C /* Debug */,
				59E75EBC2ADF53AB007A549C /* Release */,
			);
			defaultConfigurationIsVisible = 0;
			defaultConfigurationName = Release;
		};
		59E75EBD2ADF53AB007A549C /* Build configuration list for PBXNativeTarget "OursReaderTests" */ = {
			isa = XCConfigurationList;
			buildConfigurations = (
				59E75EBE2ADF53AB007A549C /* Debug */,
				59E75EBF2ADF53AB007A549C /* Release */,
			);
			defaultConfigurationIsVisible = 0;
			defaultConfigurationName = Release;
		};
		59E75EC02ADF53AB007A549C /* Build configuration list for PBXNativeTarget "OursReaderUITests" */ = {
			isa = XCConfigurationList;
			buildConfigurations = (
				59E75EC12ADF53AB007A549C /* Debug */,
				59E75EC22ADF53AB007A549C /* Release */,
			);
			defaultConfigurationIsVisible = 0;
			defaultConfigurationName = Release;
		};
/* End XCConfigurationList section */

/* Begin XCRemoteSwiftPackageReference section */
		59E06A1B2BA6C87B00FE18FD /* XCRemoteSwiftPackageReference "firebase-ios-sdk" */ = {
			isa = XCRemoteSwiftPackageReference;
			repositoryURL = "https://github.com/firebase/firebase-ios-sdk";
			requirement = {
				kind = upToNextMajorVersion;
				minimumVersion = 10.22.1;
			};
		};
/* End XCRemoteSwiftPackageReference section */

/* Begin XCSwiftPackageProductDependency section */
		59E06A1C2BA6C87B00FE18FD /* FirebaseAnalytics */ = {
			isa = XCSwiftPackageProductDependency;
			package = 59E06A1B2BA6C87B00FE18FD /* XCRemoteSwiftPackageReference "firebase-ios-sdk" */;
			productName = FirebaseAnalytics;
		};
/* End XCSwiftPackageProductDependency section */
	};
	rootObject = 59E75E8E2ADF53AA007A549C /* Project object */;
}
